// !$*UTF8*$!
{
	archiveVersion = 1;
	classes = {
	};
	objectVersion = 46;
	objects = {

/* Begin PBXBuildFile section */
		1A88B2641FC3D9C9005C14AE /* Images.xcassets in Resources */ = {isa = PBXBuildFile; fileRef = 1A88B2631FC3D9C9005C14AE /* Images.xcassets */; };
		1AC6FB30180E99EB004C840B /* libcocos2d iOS.a in Frameworks */ = {isa = PBXBuildFile; fileRef = 1AC6FB07180E9839004C840B /* libcocos2d iOS.a */; };
		1AF87B781F6F77F7007BE51C /* AppController.mm in Sources */ = {isa = PBXBuildFile; fileRef = 1AF87B481F6F77D6007BE51C /* AppController.mm */; };
		1AF87B881F6F781D007BE51C /* LaunchScreen.storyboard in Resources */ = {isa = PBXBuildFile; fileRef = 1AF87B591F6F77D6007BE51C /* LaunchScreen.storyboard */; };
		1AF87B891F6F781D007BE51C /* LaunchScreenBackground.png in Resources */ = {isa = PBXBuildFile; fileRef = 1AF87B5A1F6F77D6007BE51C /* LaunchScreenBackground.png */; };
		1AF87B8A1F6F7822007BE51C /* main.m in Sources */ = {isa = PBXBuildFile; fileRef = 1AF87B5B1F6F77D6007BE51C /* main.m */; };
		1AF87B8B1F6F782A007BE51C /* RootViewController.mm in Sources */ = {isa = PBXBuildFile; fileRef = 1AF87B5E1F6F77D6007BE51C /* RootViewController.mm */; };
		1D60589F0D05DD5A006BFB54 /* Foundation.framework in Frameworks */ = {isa = PBXBuildFile; fileRef = 1D30AB110D05D00D00671497 /* Foundation.framework */; };
		288765A50DF7441C002DB57D /* CoreGraphics.framework in Frameworks */ = {isa = PBXBuildFile; fileRef = 288765A40DF7441C002DB57D /* CoreGraphics.framework */; };
		294D0D641D0D56D500F7F5D4 /* CoreText.framework in Frameworks */ = {isa = PBXBuildFile; fileRef = 294D0D631D0D56D500F7F5D4 /* CoreText.framework */; };
		45A69C6B2D59557A7895709F /* Pods_Sokoban_mobile.framework in Frameworks */ = {isa = PBXBuildFile; fileRef = 3A98BDA2AFB59E5CFB26F84A /* Pods_Sokoban_mobile.framework */; };
		52B47A471A53D09C004E4C60 /* Security.framework in Frameworks */ = {isa = PBXBuildFile; fileRef = 52B47A461A53D09B004E4C60 /* Security.framework */; };
		941A10512573C2FC0066ACCE /* IAPPlugin.mm in Sources */ = {isa = PBXBuildFile; fileRef = 941A10502573C2FC0066ACCE /* IAPPlugin.mm */; };
		941A10542573CDC20066ACCE /* storekit.storekit in Resources */ = {isa = PBXBuildFile; fileRef = 941A10532573CDC20066ACCE /* storekit.storekit */; };
		94608D46256D94C5000E093C /* MainMenu.cpp in Sources */ = {isa = PBXBuildFile; fileRef = 94608D13256D94C5000E093C /* MainMenu.cpp */; };
		94608D47256D94C5000E093C /* WatchVideoPopup.cpp in Sources */ = {isa = PBXBuildFile; fileRef = 94608D16256D94C5000E093C /* WatchVideoPopup.cpp */; };
		94608D48256D94C5000E093C /* SplashScene.cpp in Sources */ = {isa = PBXBuildFile; fileRef = 94608D18256D94C5000E093C /* SplashScene.cpp */; };
		94608D49256D94C5000E093C /* GameFinishScene.cpp in Sources */ = {isa = PBXBuildFile; fileRef = 94608D1A256D94C5000E093C /* GameFinishScene.cpp */; };
		94608D4A256D94C5000E093C /* MessagePopup.cpp in Sources */ = {isa = PBXBuildFile; fileRef = 94608D1C256D94C5000E093C /* MessagePopup.cpp */; };
		94608D4B256D94C5000E093C /* GameScene.cpp in Sources */ = {isa = PBXBuildFile; fileRef = 94608D1D256D94C5000E093C /* GameScene.cpp */; };
		94608D4C256D94C5000E093C /* OutOfMovesPopup.cpp in Sources */ = {isa = PBXBuildFile; fileRef = 94608D21256D94C5000E093C /* OutOfMovesPopup.cpp */; };
		94608D4D256D94C5000E093C /* Settings.cpp in Sources */ = {isa = PBXBuildFile; fileRef = 94608D22256D94C5000E093C /* Settings.cpp */; };
		94608D4E256D94C5000E093C /* LevelSelect.cpp in Sources */ = {isa = PBXBuildFile; fileRef = 94608D23256D94C5000E093C /* LevelSelect.cpp */; };
		94608D50256D94C5000E093C /* AppDelegate.cpp in Sources */ = {isa = PBXBuildFile; fileRef = 94608D27256D94C5000E093C /* AppDelegate.cpp */; };
		94608D51256D94C5000E093C /* EventListenerManager.cpp in Sources */ = {isa = PBXBuildFile; fileRef = 94608D2C256D94C5000E093C /* EventListenerManager.cpp */; };
		94608D52256D94C5000E093C /* LevelLoader.cpp in Sources */ = {isa = PBXBuildFile; fileRef = 94608D2D256D94C5000E093C /* LevelLoader.cpp */; };
		94608D53256D94C5000E093C /* CommonLayout.cpp in Sources */ = {isa = PBXBuildFile; fileRef = 94608D2F256D94C5000E093C /* CommonLayout.cpp */; };
		94608D54256D94C5000E093C /* UiUtil.cpp in Sources */ = {isa = PBXBuildFile; fileRef = 94608D30256D94C5000E093C /* UiUtil.cpp */; };
		94608D55256D94C5000E093C /* GameManager.cpp in Sources */ = {isa = PBXBuildFile; fileRef = 94608D33256D94C5000E093C /* GameManager.cpp */; };
		94608D56256D94C5000E093C /* SoundUtil.cpp in Sources */ = {isa = PBXBuildFile; fileRef = 94608D34256D94C5000E093C /* SoundUtil.cpp */; };
		94608D57256D94C5000E093C /* EventUtils.cpp in Sources */ = {isa = PBXBuildFile; fileRef = 94608D37256D94C5000E093C /* EventUtils.cpp */; };
		94608D58256D94C5000E093C /* Config.cpp in Sources */ = {isa = PBXBuildFile; fileRef = 94608D3C256D94C5000E093C /* Config.cpp */; };
		94608D59256D94C5000E093C /* Events.cpp in Sources */ = {isa = PBXBuildFile; fileRef = 94608D3D256D94C5000E093C /* Events.cpp */; };
		94608D5A256D94C5000E093C /* Keys.cpp in Sources */ = {isa = PBXBuildFile; fileRef = 94608D3E256D94C5000E093C /* Keys.cpp */; };
		94608D5B256D94C5000E093C /* Entity.cpp in Sources */ = {isa = PBXBuildFile; fileRef = 94608D41256D94C5000E093C /* Entity.cpp */; };
		94608D5C256D94C5000E093C /* Grid.cpp in Sources */ = {isa = PBXBuildFile; fileRef = 94608D43256D94C5000E093C /* Grid.cpp */; };
		94608D5D256D94C5000E093C /* Tile.cpp in Sources */ = {isa = PBXBuildFile; fileRef = 94608D45256D94C5000E093C /* Tile.cpp */; };
		94608D7E256D94CE000E093C /* Settings.plist in Resources */ = {isa = PBXBuildFile; fileRef = 94608D61256D94CE000E093C /* Settings.plist */; };
		94608D7F256D94CE000E093C /* retry_button_big.png in Resources */ = {isa = PBXBuildFile; fileRef = 94608D62256D94CE000E093C /* retry_button_big.png */; };
		94608D80256D94CE000E093C /* Settings.png in Resources */ = {isa = PBXBuildFile; fileRef = 94608D63256D94CE000E093C /* Settings.png */; };
		94608D81256D94CE000E093C /* retry_button.png in Resources */ = {isa = PBXBuildFile; fileRef = 94608D64256D94CE000E093C /* retry_button.png */; };
		94608D82256D94CE000E093C /* GameScene.png in Resources */ = {isa = PBXBuildFile; fileRef = 94608D65256D94CE000E093C /* GameScene.png */; };
		94608D83256D94CE000E093C /* GameFinishScene.plist in Resources */ = {isa = PBXBuildFile; fileRef = 94608D66256D94CE000E093C /* GameFinishScene.plist */; };
		94608D84256D94CE000E093C /* button_orange_big.png in Resources */ = {isa = PBXBuildFile; fileRef = 94608D67256D94CE000E093C /* button_orange_big.png */; };
		94608D85256D94CE000E093C /* GameScene.plist in Resources */ = {isa = PBXBuildFile; fileRef = 94608D68256D94CE000E093C /* GameScene.plist */; };
		94608D86256D94CE000E093C /* hand.png in Resources */ = {isa = PBXBuildFile; fileRef = 94608D69256D94CE000E093C /* hand.png */; };
		94608D87256D94CE000E093C /* button_page_arrow.png in Resources */ = {isa = PBXBuildFile; fileRef = 94608D6A256D94CE000E093C /* button_page_arrow.png */; };
		94608D88256D94CE000E093C /* button_back.png in Resources */ = {isa = PBXBuildFile; fileRef = 94608D6B256D94CE000E093C /* button_back.png */; };
		94608D89256D94CE000E093C /* splash.png in Resources */ = {isa = PBXBuildFile; fileRef = 94608D6C256D94CE000E093C /* splash.png */; };
		94608D8A256D94CE000E093C /* button_level.png in Resources */ = {isa = PBXBuildFile; fileRef = 94608D6D256D94CE000E093C /* button_level.png */; };
		94608D8B256D94CE000E093C /* GameFinishScene.png in Resources */ = {isa = PBXBuildFile; fileRef = 94608D6E256D94CE000E093C /* GameFinishScene.png */; };
		94608D8C256D94CE000E093C /* button_blue_small.png in Resources */ = {isa = PBXBuildFile; fileRef = 94608D6F256D94CE000E093C /* button_blue_small.png */; };
		94608D8D256D94CE000E093C /* MainMenu.plist in Resources */ = {isa = PBXBuildFile; fileRef = 94608D70256D94CE000E093C /* MainMenu.plist */; };
		94608D8E256D94CE000E093C /* MainMenu.png in Resources */ = {isa = PBXBuildFile; fileRef = 94608D71256D94CE000E093C /* MainMenu.png */; };
		94608D8F256D94CE000E093C /* button_orange.png in Resources */ = {isa = PBXBuildFile; fileRef = 94608D72256D94CE000E093C /* button_orange.png */; };
		94608D90256D94CE000E093C /* button_locked.png in Resources */ = {isa = PBXBuildFile; fileRef = 94608D73256D94CE000E093C /* button_locked.png */; };
		94608D91256D94CE000E093C /* button_orange_small.png in Resources */ = {isa = PBXBuildFile; fileRef = 94608D74256D94CE000E093C /* button_orange_small.png */; };
		94608D92256D94CE000E093C /* levelData.json in Resources */ = {isa = PBXBuildFile; fileRef = 94608D75256D94CE000E093C /* levelData.json */; };
		94608D93256D94CE000E093C /* footstep.mp3 in Resources */ = {isa = PBXBuildFile; fileRef = 94608D77256D94CE000E093C /* footstep.mp3 */; };
		94608D94256D94CE000E093C /* level_complete.mp3 in Resources */ = {isa = PBXBuildFile; fileRef = 94608D78256D94CE000E093C /* level_complete.mp3 */; };
		94608D95256D94CE000E093C /* level_failed.mp3 in Resources */ = {isa = PBXBuildFile; fileRef = 94608D79256D94CE000E093C /* level_failed.mp3 */; };
		94608D96256D94CE000E093C /* scene_change.mp3 in Resources */ = {isa = PBXBuildFile; fileRef = 94608D7A256D94CE000E093C /* scene_change.mp3 */; };
		94608D97256D94CE000E093C /* efx_touch.mp3 in Resources */ = {isa = PBXBuildFile; fileRef = 94608D7B256D94CE000E093C /* efx_touch.mp3 */; };
		94608D98256D94CE000E093C /* Riffic.ttf in Resources */ = {isa = PBXBuildFile; fileRef = 94608D7D256D94CE000E093C /* Riffic.ttf */; };
		94608DA0256D96B2000E093C /* Platform_iOS.mm in Sources */ = {isa = PBXBuildFile; fileRef = 94608D9F256D96B2000E093C /* Platform_iOS.mm */; };
		94608DBC256DAB8C000E093C /* GameController.framework in Frameworks */ = {isa = PBXBuildFile; fileRef = 94608DB9256DAB8C000E093C /* GameController.framework */; };
		94608DBF256DAF53000E093C /* GoogleService-Info.plist in Resources */ = {isa = PBXBuildFile; fileRef = 94608DBE256DAF53000E093C /* GoogleService-Info.plist */; };
		94ED06B1256FDB53003C5C75 /* WebKit.framework in Frameworks */ = {isa = PBXBuildFile; fileRef = 94ED06B0256FDB52003C5C75 /* WebKit.framework */; };
		BF171245129291EC00B8313A /* OpenGLES.framework in Frameworks */ = {isa = PBXBuildFile; fileRef = BF170DB012928DE900B8313A /* OpenGLES.framework */; };
		BF1712471292920000B8313A /* libz.dylib in Frameworks */ = {isa = PBXBuildFile; fileRef = BF170DB412928DE900B8313A /* libz.dylib */; };
		BF1C47F01293687400B63C5D /* QuartzCore.framework in Frameworks */ = {isa = PBXBuildFile; fileRef = BF1C47EA1293683800B63C5D /* QuartzCore.framework */; };
		D44C620C132DFF330009C878 /* OpenAL.framework in Frameworks */ = {isa = PBXBuildFile; fileRef = D44C620B132DFF330009C878 /* OpenAL.framework */; };
		D44C620E132DFF430009C878 /* AVFoundation.framework in Frameworks */ = {isa = PBXBuildFile; fileRef = D44C620D132DFF430009C878 /* AVFoundation.framework */; };
		D44C6210132DFF4E0009C878 /* AudioToolbox.framework in Frameworks */ = {isa = PBXBuildFile; fileRef = D44C620F132DFF4E0009C878 /* AudioToolbox.framework */; };
		D6B0611B1803AB670077942B /* CoreMotion.framework in Frameworks */ = {isa = PBXBuildFile; fileRef = D6B0611A1803AB670077942B /* CoreMotion.framework */; };
		ED545A7C1B68A1F400C3958E /* libiconv.dylib in Frameworks */ = {isa = PBXBuildFile; fileRef = ED545A7B1B68A1F400C3958E /* libiconv.dylib */; };
/* End PBXBuildFile section */

/* Begin PBXContainerItemProxy section */
		1A7533E21F6F75F6007E8E6F /* PBXContainerItemProxy */ = {
			isa = PBXContainerItemProxy;
			containerPortal = 1AC6FAE5180E9839004C840B /* cocos2d_libs.xcodeproj */;
			proxyType = 2;
			remoteGlobalIDString = 507B40FD1C31BDD30067B53E;
			remoteInfo = "libcocos2d tvOS";
		};
		1AC6FAF8180E9839004C840B /* PBXContainerItemProxy */ = {
			isa = PBXContainerItemProxy;
			containerPortal = 1AC6FAE5180E9839004C840B /* cocos2d_libs.xcodeproj */;
			proxyType = 2;
			remoteGlobalIDString = 1551A33F158F2AB200E66CFE;
			remoteInfo = "cocos2dx Mac";
		};
		1AC6FB06180E9839004C840B /* PBXContainerItemProxy */ = {
			isa = PBXContainerItemProxy;
			containerPortal = 1AC6FAE5180E9839004C840B /* cocos2d_libs.xcodeproj */;
			proxyType = 2;
			remoteGlobalIDString = A07A4D641783777C0073F6A7;
			remoteInfo = "cocos2dx iOS";
		};
		1AC6FB24180E99E1004C840B /* PBXContainerItemProxy */ = {
			isa = PBXContainerItemProxy;
			containerPortal = 1AC6FAE5180E9839004C840B /* cocos2d_libs.xcodeproj */;
			proxyType = 1;
			remoteGlobalIDString = A07A4C241783777C0073F6A7;
			remoteInfo = "cocos2dx iOS";
		};
/* End PBXContainerItemProxy section */

/* Begin PBXFileReference section */
		1A88B2631FC3D9C9005C14AE /* Images.xcassets */ = {isa = PBXFileReference; lastKnownFileType = folder.assetcatalog; path = Images.xcassets; sourceTree = "<group>"; };
		1AC6FAE5180E9839004C840B /* cocos2d_libs.xcodeproj */ = {isa = PBXFileReference; lastKnownFileType = "wrapper.pb-project"; name = cocos2d_libs.xcodeproj; path = ../cocos2d/build/cocos2d_libs.xcodeproj; sourceTree = "<group>"; };
		1ACB3243164770DE00914215 /* libcurl.a */ = {isa = PBXFileReference; lastKnownFileType = archive.ar; name = libcurl.a; path = ../../cocos2dx/platform/third_party/ios/libraries/libcurl.a; sourceTree = "<group>"; };
		1AF87B471F6F77D6007BE51C /* AppController.h */ = {isa = PBXFileReference; lastKnownFileType = sourcecode.c.h; path = AppController.h; sourceTree = "<group>"; };
		1AF87B481F6F77D6007BE51C /* AppController.mm */ = {isa = PBXFileReference; lastKnownFileType = sourcecode.cpp.objcpp; path = AppController.mm; sourceTree = "<group>"; };
		1AF87B581F6F77D6007BE51C /* Info.plist */ = {isa = PBXFileReference; lastKnownFileType = text.plist.xml; path = Info.plist; sourceTree = "<group>"; };
		1AF87B591F6F77D6007BE51C /* LaunchScreen.storyboard */ = {isa = PBXFileReference; lastKnownFileType = file.storyboard; path = LaunchScreen.storyboard; sourceTree = "<group>"; };
		1AF87B5A1F6F77D6007BE51C /* LaunchScreenBackground.png */ = {isa = PBXFileReference; lastKnownFileType = image.png; path = LaunchScreenBackground.png; sourceTree = "<group>"; };
		1AF87B5B1F6F77D6007BE51C /* main.m */ = {isa = PBXFileReference; lastKnownFileType = sourcecode.c.objc; path = main.m; sourceTree = "<group>"; };
		1AF87B5C1F6F77D6007BE51C /* Prefix.pch */ = {isa = PBXFileReference; lastKnownFileType = sourcecode.c.h; path = Prefix.pch; sourceTree = "<group>"; };
		1AF87B5D1F6F77D6007BE51C /* RootViewController.h */ = {isa = PBXFileReference; lastKnownFileType = sourcecode.c.h; path = RootViewController.h; sourceTree = "<group>"; };
		1AF87B5E1F6F77D6007BE51C /* RootViewController.mm */ = {isa = PBXFileReference; lastKnownFileType = sourcecode.cpp.objcpp; path = RootViewController.mm; sourceTree = "<group>"; };
		1CE85052AE2D186573815884 /* Pods-Sokoban-mobile.debug.xcconfig */ = {isa = PBXFileReference; includeInIndex = 1; lastKnownFileType = text.xcconfig; name = "Pods-Sokoban-mobile.debug.xcconfig"; path = "Target Support Files/Pods-Sokoban-mobile/Pods-Sokoban-mobile.debug.xcconfig"; sourceTree = "<group>"; };
		1D30AB110D05D00D00671497 /* Foundation.framework */ = {isa = PBXFileReference; lastKnownFileType = wrapper.framework; name = Foundation.framework; path = System/Library/Frameworks/Foundation.framework; sourceTree = SDKROOT; };
		1D6058910D05DD3D006BFB54 /* Sokoban-mobile.app */ = {isa = PBXFileReference; explicitFileType = wrapper.application; includeInIndex = 0; path = "Sokoban-mobile.app"; sourceTree = BUILT_PRODUCTS_DIR; };
		1DF5F4DF0D08C38300B7A737 /* UIKit.framework */ = {isa = PBXFileReference; lastKnownFileType = wrapper.framework; name = UIKit.framework; path = System/Library/Frameworks/UIKit.framework; sourceTree = SDKROOT; };
		288765A40DF7441C002DB57D /* CoreGraphics.framework */ = {isa = PBXFileReference; lastKnownFileType = wrapper.framework; name = CoreGraphics.framework; path = System/Library/Frameworks/CoreGraphics.framework; sourceTree = SDKROOT; };
		294D0D631D0D56D500F7F5D4 /* CoreText.framework */ = {isa = PBXFileReference; lastKnownFileType = wrapper.framework; name = CoreText.framework; path = Platforms/iPhoneOS.platform/Developer/SDKs/iPhoneOS.sdk/System/Library/Frameworks/CoreText.framework; sourceTree = DEVELOPER_DIR; };
		3A98BDA2AFB59E5CFB26F84A /* Pods_Sokoban_mobile.framework */ = {isa = PBXFileReference; explicitFileType = wrapper.framework; includeInIndex = 0; path = Pods_Sokoban_mobile.framework; sourceTree = BUILT_PRODUCTS_DIR; };
		503AE11117EB99EE00D1A890 /* libcurl.dylib */ = {isa = PBXFileReference; lastKnownFileType = "compiled.mach-o.dylib"; name = libcurl.dylib; path = usr/lib/libcurl.dylib; sourceTree = SDKROOT; };
		503AE11A17EB9C5A00D1A890 /* IOKit.framework */ = {isa = PBXFileReference; lastKnownFileType = wrapper.framework; name = IOKit.framework; path = System/Library/Frameworks/IOKit.framework; sourceTree = SDKROOT; };
		5087E78817EB974C00C73F5D /* AppKit.framework */ = {isa = PBXFileReference; lastKnownFileType = wrapper.framework; name = AppKit.framework; path = System/Library/Frameworks/AppKit.framework; sourceTree = SDKROOT; };
		5087E78A17EB975400C73F5D /* OpenGL.framework */ = {isa = PBXFileReference; lastKnownFileType = wrapper.framework; name = OpenGL.framework; path = System/Library/Frameworks/OpenGL.framework; sourceTree = SDKROOT; };
		52B47A461A53D09B004E4C60 /* Security.framework */ = {isa = PBXFileReference; lastKnownFileType = wrapper.framework; name = Security.framework; path = Platforms/iPhoneOS.platform/Developer/SDKs/iPhoneOS.sdk/System/Library/Frameworks/Security.framework; sourceTree = DEVELOPER_DIR; };
		8262943D1AAF051F00CB7CF7 /* Security.framework */ = {isa = PBXFileReference; lastKnownFileType = wrapper.framework; name = Security.framework; path = System/Library/Frameworks/Security.framework; sourceTree = SDKROOT; };
		941A104F2573C2FC0066ACCE /* IAPPlugin.h */ = {isa = PBXFileReference; fileEncoding = 4; lastKnownFileType = sourcecode.c.h; path = IAPPlugin.h; sourceTree = "<group>"; };
		941A10502573C2FC0066ACCE /* IAPPlugin.mm */ = {isa = PBXFileReference; fileEncoding = 4; lastKnownFileType = sourcecode.cpp.objcpp; path = IAPPlugin.mm; sourceTree = "<group>"; };
		941A10532573CDC20066ACCE /* storekit.storekit */ = {isa = PBXFileReference; lastKnownFileType = text; path = storekit.storekit; sourceTree = "<group>"; };
		94608D12256D94C5000E093C /* GameScene.h */ = {isa = PBXFileReference; fileEncoding = 4; lastKnownFileType = sourcecode.c.h; path = GameScene.h; sourceTree = "<group>"; };
		94608D13256D94C5000E093C /* MainMenu.cpp */ = {isa = PBXFileReference; fileEncoding = 4; lastKnownFileType = sourcecode.cpp.cpp; path = MainMenu.cpp; sourceTree = "<group>"; };
		94608D14256D94C5000E093C /* MainMenu.h */ = {isa = PBXFileReference; fileEncoding = 4; lastKnownFileType = sourcecode.c.h; path = MainMenu.h; sourceTree = "<group>"; };
		94608D15256D94C5000E093C /* OutOfMovesPopup.h */ = {isa = PBXFileReference; fileEncoding = 4; lastKnownFileType = sourcecode.c.h; path = OutOfMovesPopup.h; sourceTree = "<group>"; };
		94608D16256D94C5000E093C /* WatchVideoPopup.cpp */ = {isa = PBXFileReference; fileEncoding = 4; lastKnownFileType = sourcecode.cpp.cpp; path = WatchVideoPopup.cpp; sourceTree = "<group>"; };
		94608D17256D94C5000E093C /* SplashScene.h */ = {isa = PBXFileReference; fileEncoding = 4; lastKnownFileType = sourcecode.c.h; path = SplashScene.h; sourceTree = "<group>"; };
		94608D18256D94C5000E093C /* SplashScene.cpp */ = {isa = PBXFileReference; fileEncoding = 4; lastKnownFileType = sourcecode.cpp.cpp; path = SplashScene.cpp; sourceTree = "<group>"; };
		94608D19256D94C5000E093C /* Settings.h */ = {isa = PBXFileReference; fileEncoding = 4; lastKnownFileType = sourcecode.c.h; path = Settings.h; sourceTree = "<group>"; };
		94608D1A256D94C5000E093C /* GameFinishScene.cpp */ = {isa = PBXFileReference; fileEncoding = 4; lastKnownFileType = sourcecode.cpp.cpp; path = GameFinishScene.cpp; sourceTree = "<group>"; };
		94608D1B256D94C5000E093C /* MessagePopup.h */ = {isa = PBXFileReference; fileEncoding = 4; lastKnownFileType = sourcecode.c.h; path = MessagePopup.h; sourceTree = "<group>"; };
		94608D1C256D94C5000E093C /* MessagePopup.cpp */ = {isa = PBXFileReference; fileEncoding = 4; lastKnownFileType = sourcecode.cpp.cpp; path = MessagePopup.cpp; sourceTree = "<group>"; };
		94608D1D256D94C5000E093C /* GameScene.cpp */ = {isa = PBXFileReference; fileEncoding = 4; lastKnownFileType = sourcecode.cpp.cpp; path = GameScene.cpp; sourceTree = "<group>"; };
		94608D1E256D94C5000E093C /* WatchVideoPopup.h */ = {isa = PBXFileReference; fileEncoding = 4; lastKnownFileType = sourcecode.c.h; path = WatchVideoPopup.h; sourceTree = "<group>"; };
		94608D1F256D94C5000E093C /* LevelSelect.h */ = {isa = PBXFileReference; fileEncoding = 4; lastKnownFileType = sourcecode.c.h; path = LevelSelect.h; sourceTree = "<group>"; };
		94608D20256D94C5000E093C /* GameFinishScene.h */ = {isa = PBXFileReference; fileEncoding = 4; lastKnownFileType = sourcecode.c.h; path = GameFinishScene.h; sourceTree = "<group>"; };
		94608D21256D94C5000E093C /* OutOfMovesPopup.cpp */ = {isa = PBXFileReference; fileEncoding = 4; lastKnownFileType = sourcecode.cpp.cpp; path = OutOfMovesPopup.cpp; sourceTree = "<group>"; };
		94608D22256D94C5000E093C /* Settings.cpp */ = {isa = PBXFileReference; fileEncoding = 4; lastKnownFileType = sourcecode.cpp.cpp; path = Settings.cpp; sourceTree = "<group>"; };
		94608D23256D94C5000E093C /* LevelSelect.cpp */ = {isa = PBXFileReference; fileEncoding = 4; lastKnownFileType = sourcecode.cpp.cpp; path = LevelSelect.cpp; sourceTree = "<group>"; };
		94608D24256D94C5000E093C /* AppDelegate.h */ = {isa = PBXFileReference; fileEncoding = 4; lastKnownFileType = sourcecode.c.h; path = AppDelegate.h; sourceTree = "<group>"; };
		94608D25256D94C5000E093C /* PlatformIncludes.h */ = {isa = PBXFileReference; fileEncoding = 4; lastKnownFileType = sourcecode.c.h; path = PlatformIncludes.h; sourceTree = "<group>"; };
		94608D27256D94C5000E093C /* AppDelegate.cpp */ = {isa = PBXFileReference; fileEncoding = 4; lastKnownFileType = sourcecode.cpp.cpp; path = AppDelegate.cpp; sourceTree = "<group>"; };
		94608D29256D94C5000E093C /* SoundUtil.h */ = {isa = PBXFileReference; fileEncoding = 4; lastKnownFileType = sourcecode.c.h; path = SoundUtil.h; sourceTree = "<group>"; };
		94608D2A256D94C5000E093C /* UiUtil.h */ = {isa = PBXFileReference; fileEncoding = 4; lastKnownFileType = sourcecode.c.h; path = UiUtil.h; sourceTree = "<group>"; };
		94608D2B256D94C5000E093C /* WidgetCBMacros.h */ = {isa = PBXFileReference; fileEncoding = 4; lastKnownFileType = sourcecode.c.h; path = WidgetCBMacros.h; sourceTree = "<group>"; };
		94608D2C256D94C5000E093C /* EventListenerManager.cpp */ = {isa = PBXFileReference; fileEncoding = 4; lastKnownFileType = sourcecode.cpp.cpp; path = EventListenerManager.cpp; sourceTree = "<group>"; };
		94608D2D256D94C5000E093C /* LevelLoader.cpp */ = {isa = PBXFileReference; fileEncoding = 4; lastKnownFileType = sourcecode.cpp.cpp; path = LevelLoader.cpp; sourceTree = "<group>"; };
		94608D2E256D94C5000E093C /* CommonLayout.h */ = {isa = PBXFileReference; fileEncoding = 4; lastKnownFileType = sourcecode.c.h; path = CommonLayout.h; sourceTree = "<group>"; };
		94608D2F256D94C5000E093C /* CommonLayout.cpp */ = {isa = PBXFileReference; fileEncoding = 4; lastKnownFileType = sourcecode.cpp.cpp; path = CommonLayout.cpp; sourceTree = "<group>"; };
		94608D30256D94C5000E093C /* UiUtil.cpp */ = {isa = PBXFileReference; fileEncoding = 4; lastKnownFileType = sourcecode.cpp.cpp; path = UiUtil.cpp; sourceTree = "<group>"; };
		94608D31256D94C5000E093C /* LevelLoader.h */ = {isa = PBXFileReference; fileEncoding = 4; lastKnownFileType = sourcecode.c.h; path = LevelLoader.h; sourceTree = "<group>"; };
		94608D32256D94C5000E093C /* EventListenerManager.h */ = {isa = PBXFileReference; fileEncoding = 4; lastKnownFileType = sourcecode.c.h; path = EventListenerManager.h; sourceTree = "<group>"; };
		94608D33256D94C5000E093C /* GameManager.cpp */ = {isa = PBXFileReference; fileEncoding = 4; lastKnownFileType = sourcecode.cpp.cpp; path = GameManager.cpp; sourceTree = "<group>"; };
		94608D34256D94C5000E093C /* SoundUtil.cpp */ = {isa = PBXFileReference; fileEncoding = 4; lastKnownFileType = sourcecode.cpp.cpp; path = SoundUtil.cpp; sourceTree = "<group>"; };
		94608D35256D94C5000E093C /* EventUtils.h */ = {isa = PBXFileReference; fileEncoding = 4; lastKnownFileType = sourcecode.c.h; path = EventUtils.h; sourceTree = "<group>"; };
		94608D36256D94C5000E093C /* GameManager.h */ = {isa = PBXFileReference; fileEncoding = 4; lastKnownFileType = sourcecode.c.h; path = GameManager.h; sourceTree = "<group>"; };
		94608D37256D94C5000E093C /* EventUtils.cpp */ = {isa = PBXFileReference; fileEncoding = 4; lastKnownFileType = sourcecode.cpp.cpp; path = EventUtils.cpp; sourceTree = "<group>"; };
		94608D39256D94C5000E093C /* Keys.h */ = {isa = PBXFileReference; fileEncoding = 4; lastKnownFileType = sourcecode.c.h; path = Keys.h; sourceTree = "<group>"; };
		94608D3A256D94C5000E093C /* Config.h */ = {isa = PBXFileReference; fileEncoding = 4; lastKnownFileType = sourcecode.c.h; path = Config.h; sourceTree = "<group>"; };
		94608D3B256D94C5000E093C /* Events.h */ = {isa = PBXFileReference; fileEncoding = 4; lastKnownFileType = sourcecode.c.h; path = Events.h; sourceTree = "<group>"; };
		94608D3C256D94C5000E093C /* Config.cpp */ = {isa = PBXFileReference; fileEncoding = 4; lastKnownFileType = sourcecode.cpp.cpp; path = Config.cpp; sourceTree = "<group>"; };
		94608D3D256D94C5000E093C /* Events.cpp */ = {isa = PBXFileReference; fileEncoding = 4; lastKnownFileType = sourcecode.cpp.cpp; path = Events.cpp; sourceTree = "<group>"; };
		94608D3E256D94C5000E093C /* Keys.cpp */ = {isa = PBXFileReference; fileEncoding = 4; lastKnownFileType = sourcecode.cpp.cpp; path = Keys.cpp; sourceTree = "<group>"; };
		94608D40256D94C5000E093C /* Tile.h */ = {isa = PBXFileReference; fileEncoding = 4; lastKnownFileType = sourcecode.c.h; path = Tile.h; sourceTree = "<group>"; };
		94608D41256D94C5000E093C /* Entity.cpp */ = {isa = PBXFileReference; fileEncoding = 4; lastKnownFileType = sourcecode.cpp.cpp; path = Entity.cpp; sourceTree = "<group>"; };
		94608D42256D94C5000E093C /* Grid.h */ = {isa = PBXFileReference; fileEncoding = 4; lastKnownFileType = sourcecode.c.h; path = Grid.h; sourceTree = "<group>"; };
		94608D43256D94C5000E093C /* Grid.cpp */ = {isa = PBXFileReference; fileEncoding = 4; lastKnownFileType = sourcecode.cpp.cpp; path = Grid.cpp; sourceTree = "<group>"; };
		94608D44256D94C5000E093C /* Entity.h */ = {isa = PBXFileReference; fileEncoding = 4; lastKnownFileType = sourcecode.c.h; path = Entity.h; sourceTree = "<group>"; };
		94608D45256D94C5000E093C /* Tile.cpp */ = {isa = PBXFileReference; fileEncoding = 4; lastKnownFileType = sourcecode.cpp.cpp; path = Tile.cpp; sourceTree = "<group>"; };
		94608D61256D94CE000E093C /* Settings.plist */ = {isa = PBXFileReference; fileEncoding = 4; lastKnownFileType = text.plist.xml; path = Settings.plist; sourceTree = "<group>"; };
		94608D62256D94CE000E093C /* retry_button_big.png */ = {isa = PBXFileReference; lastKnownFileType = image.png; path = retry_button_big.png; sourceTree = "<group>"; };
		94608D63256D94CE000E093C /* Settings.png */ = {isa = PBXFileReference; lastKnownFileType = image.png; path = Settings.png; sourceTree = "<group>"; };
		94608D64256D94CE000E093C /* retry_button.png */ = {isa = PBXFileReference; lastKnownFileType = image.png; path = retry_button.png; sourceTree = "<group>"; };
		94608D65256D94CE000E093C /* GameScene.png */ = {isa = PBXFileReference; lastKnownFileType = image.png; path = GameScene.png; sourceTree = "<group>"; };
		94608D66256D94CE000E093C /* GameFinishScene.plist */ = {isa = PBXFileReference; fileEncoding = 4; lastKnownFileType = text.plist.xml; path = GameFinishScene.plist; sourceTree = "<group>"; };
		94608D67256D94CE000E093C /* button_orange_big.png */ = {isa = PBXFileReference; lastKnownFileType = image.png; path = button_orange_big.png; sourceTree = "<group>"; };
		94608D68256D94CE000E093C /* GameScene.plist */ = {isa = PBXFileReference; fileEncoding = 4; lastKnownFileType = text.plist.xml; path = GameScene.plist; sourceTree = "<group>"; };
		94608D69256D94CE000E093C /* hand.png */ = {isa = PBXFileReference; lastKnownFileType = image.png; path = hand.png; sourceTree = "<group>"; };
		94608D6A256D94CE000E093C /* button_page_arrow.png */ = {isa = PBXFileReference; lastKnownFileType = image.png; path = button_page_arrow.png; sourceTree = "<group>"; };
		94608D6B256D94CE000E093C /* button_back.png */ = {isa = PBXFileReference; lastKnownFileType = image.png; path = button_back.png; sourceTree = "<group>"; };
		94608D6C256D94CE000E093C /* splash.png */ = {isa = PBXFileReference; lastKnownFileType = image.png; path = splash.png; sourceTree = "<group>"; };
		94608D6D256D94CE000E093C /* button_level.png */ = {isa = PBXFileReference; lastKnownFileType = image.png; path = button_level.png; sourceTree = "<group>"; };
		94608D6E256D94CE000E093C /* GameFinishScene.png */ = {isa = PBXFileReference; lastKnownFileType = image.png; path = GameFinishScene.png; sourceTree = "<group>"; };
		94608D6F256D94CE000E093C /* button_blue_small.png */ = {isa = PBXFileReference; lastKnownFileType = image.png; path = button_blue_small.png; sourceTree = "<group>"; };
		94608D70256D94CE000E093C /* MainMenu.plist */ = {isa = PBXFileReference; fileEncoding = 4; lastKnownFileType = text.plist.xml; path = MainMenu.plist; sourceTree = "<group>"; };
		94608D71256D94CE000E093C /* MainMenu.png */ = {isa = PBXFileReference; lastKnownFileType = image.png; path = MainMenu.png; sourceTree = "<group>"; };
		94608D72256D94CE000E093C /* button_orange.png */ = {isa = PBXFileReference; lastKnownFileType = image.png; path = button_orange.png; sourceTree = "<group>"; };
		94608D73256D94CE000E093C /* button_locked.png */ = {isa = PBXFileReference; lastKnownFileType = image.png; path = button_locked.png; sourceTree = "<group>"; };
		94608D74256D94CE000E093C /* button_orange_small.png */ = {isa = PBXFileReference; lastKnownFileType = image.png; path = button_orange_small.png; sourceTree = "<group>"; };
		94608D75256D94CE000E093C /* levelData.json */ = {isa = PBXFileReference; fileEncoding = 4; lastKnownFileType = text.json; path = levelData.json; sourceTree = "<group>"; };
		94608D77256D94CE000E093C /* footstep.mp3 */ = {isa = PBXFileReference; lastKnownFileType = audio.mp3; path = footstep.mp3; sourceTree = "<group>"; };
		94608D78256D94CE000E093C /* level_complete.mp3 */ = {isa = PBXFileReference; lastKnownFileType = audio.mp3; path = level_complete.mp3; sourceTree = "<group>"; };
		94608D79256D94CE000E093C /* level_failed.mp3 */ = {isa = PBXFileReference; lastKnownFileType = audio.mp3; path = level_failed.mp3; sourceTree = "<group>"; };
		94608D7A256D94CE000E093C /* scene_change.mp3 */ = {isa = PBXFileReference; lastKnownFileType = audio.mp3; path = scene_change.mp3; sourceTree = "<group>"; };
		94608D7B256D94CE000E093C /* efx_touch.mp3 */ = {isa = PBXFileReference; lastKnownFileType = audio.mp3; path = efx_touch.mp3; sourceTree = "<group>"; };
		94608D7D256D94CE000E093C /* Riffic.ttf */ = {isa = PBXFileReference; lastKnownFileType = file; path = Riffic.ttf; sourceTree = "<group>"; };
		94608D9F256D96B2000E093C /* Platform_iOS.mm */ = {isa = PBXFileReference; fileEncoding = 4; lastKnownFileType = sourcecode.cpp.objcpp; path = Platform_iOS.mm; sourceTree = "<group>"; };
		94608DB9256DAB8C000E093C /* GameController.framework */ = {isa = PBXFileReference; lastKnownFileType = wrapper.framework; name = GameController.framework; path = Platforms/iPhoneOS.platform/Developer/SDKs/iPhoneOS14.0.sdk/System/Library/Frameworks/GameController.framework; sourceTree = DEVELOPER_DIR; };
		94608DBE256DAF53000E093C /* GoogleService-Info.plist */ = {isa = PBXFileReference; fileEncoding = 4; lastKnownFileType = text.plist.xml; path = "GoogleService-Info.plist"; sourceTree = "<group>"; };
		94ED06B0256FDB52003C5C75 /* WebKit.framework */ = {isa = PBXFileReference; lastKnownFileType = wrapper.framework; name = WebKit.framework; path = Platforms/iPhoneOS.platform/Developer/SDKs/iPhoneOS14.0.sdk/System/Library/Frameworks/WebKit.framework; sourceTree = DEVELOPER_DIR; };
		94ED06B3256FDD82003C5C75 /* StoreKit.framework */ = {isa = PBXFileReference; lastKnownFileType = wrapper.framework; name = StoreKit.framework; path = Platforms/iPhoneOS.platform/Developer/SDKs/iPhoneOS14.0.sdk/System/Library/Frameworks/StoreKit.framework; sourceTree = DEVELOPER_DIR; };
		BF170DB012928DE900B8313A /* OpenGLES.framework */ = {isa = PBXFileReference; lastKnownFileType = wrapper.framework; name = OpenGLES.framework; path = System/Library/Frameworks/OpenGLES.framework; sourceTree = SDKROOT; };
		BF170DB412928DE900B8313A /* libz.dylib */ = {isa = PBXFileReference; lastKnownFileType = "compiled.mach-o.dylib"; name = libz.dylib; path = usr/lib/libz.dylib; sourceTree = SDKROOT; };
		BF1C47EA1293683800B63C5D /* QuartzCore.framework */ = {isa = PBXFileReference; lastKnownFileType = wrapper.framework; name = QuartzCore.framework; path = System/Library/Frameworks/QuartzCore.framework; sourceTree = SDKROOT; };
		C902FC9478AEF2C9A77E59A2 /* Pods-Sokoban-mobile.release.xcconfig */ = {isa = PBXFileReference; includeInIndex = 1; lastKnownFileType = text.xcconfig; name = "Pods-Sokoban-mobile.release.xcconfig"; path = "Target Support Files/Pods-Sokoban-mobile/Pods-Sokoban-mobile.release.xcconfig"; sourceTree = "<group>"; };
		D44C620B132DFF330009C878 /* OpenAL.framework */ = {isa = PBXFileReference; lastKnownFileType = wrapper.framework; name = OpenAL.framework; path = System/Library/Frameworks/OpenAL.framework; sourceTree = SDKROOT; };
		D44C620D132DFF430009C878 /* AVFoundation.framework */ = {isa = PBXFileReference; lastKnownFileType = wrapper.framework; name = AVFoundation.framework; path = System/Library/Frameworks/AVFoundation.framework; sourceTree = SDKROOT; };
		D44C620F132DFF4E0009C878 /* AudioToolbox.framework */ = {isa = PBXFileReference; lastKnownFileType = wrapper.framework; name = AudioToolbox.framework; path = System/Library/Frameworks/AudioToolbox.framework; sourceTree = SDKROOT; };
		D6B0611A1803AB670077942B /* CoreMotion.framework */ = {isa = PBXFileReference; lastKnownFileType = wrapper.framework; name = CoreMotion.framework; path = Platforms/iPhoneOS.platform/Developer/SDKs/iPhoneOS.sdk/System/Library/Frameworks/CoreMotion.framework; sourceTree = DEVELOPER_DIR; };
		ED545A7B1B68A1F400C3958E /* libiconv.dylib */ = {isa = PBXFileReference; lastKnownFileType = "compiled.mach-o.dylib"; name = libiconv.dylib; path = Platforms/iPhoneOS.platform/Developer/SDKs/iPhoneOS.sdk/usr/lib/libiconv.dylib; sourceTree = DEVELOPER_DIR; };
		ED545A7D1B68A1FA00C3958E /* libiconv.dylib */ = {isa = PBXFileReference; lastKnownFileType = "compiled.mach-o.dylib"; name = libiconv.dylib; path = usr/lib/libiconv.dylib; sourceTree = SDKROOT; };
/* End PBXFileReference section */

/* Begin PBXFrameworksBuildPhase section */
		1D60588F0D05DD3D006BFB54 /* Frameworks */ = {
			isa = PBXFrameworksBuildPhase;
			buildActionMask = 2147483647;
			files = (
				294D0D641D0D56D500F7F5D4 /* CoreText.framework in Frameworks */,
				ED545A7C1B68A1F400C3958E /* libiconv.dylib in Frameworks */,
				94ED06B1256FDB53003C5C75 /* WebKit.framework in Frameworks */,
				94608DBC256DAB8C000E093C /* GameController.framework in Frameworks */,
				52B47A471A53D09C004E4C60 /* Security.framework in Frameworks */,
				1AC6FB30180E99EB004C840B /* libcocos2d iOS.a in Frameworks */,
				D6B0611B1803AB670077942B /* CoreMotion.framework in Frameworks */,
				1D60589F0D05DD5A006BFB54 /* Foundation.framework in Frameworks */,
				288765A50DF7441C002DB57D /* CoreGraphics.framework in Frameworks */,
				BF171245129291EC00B8313A /* OpenGLES.framework in Frameworks */,
				BF1712471292920000B8313A /* libz.dylib in Frameworks */,
				BF1C47F01293687400B63C5D /* QuartzCore.framework in Frameworks */,
				D44C620C132DFF330009C878 /* OpenAL.framework in Frameworks */,
				D44C620E132DFF430009C878 /* AVFoundation.framework in Frameworks */,
				D44C6210132DFF4E0009C878 /* AudioToolbox.framework in Frameworks */,
				45A69C6B2D59557A7895709F /* Pods_Sokoban_mobile.framework in Frameworks */,
			);
			runOnlyForDeploymentPostprocessing = 0;
		};
/* End PBXFrameworksBuildPhase section */

/* Begin PBXGroup section */
		19C28FACFE9D520D11CA2CBB /* Products */ = {
			isa = PBXGroup;
			children = (
				1D6058910D05DD3D006BFB54 /* Sokoban-mobile.app */,
			);
			name = Products;
			sourceTree = "<group>";
		};
		1AC6FAE6180E9839004C840B /* Products */ = {
			isa = PBXGroup;
			children = (
				1AC6FAF9180E9839004C840B /* libcocos2d Mac.a */,
				1AC6FB07180E9839004C840B /* libcocos2d iOS.a */,
				1A7533E31F6F75F6007E8E6F /* libcocos2d tvOS.a */,
			);
			name = Products;
			sourceTree = "<group>";
		};
		1AF87B461F6F77D6007BE51C /* ios */ = {
			isa = PBXGroup;
			children = (
				941A104F2573C2FC0066ACCE /* IAPPlugin.h */,
				941A10502573C2FC0066ACCE /* IAPPlugin.mm */,
				94608DBE256DAF53000E093C /* GoogleService-Info.plist */,
				1A88B2631FC3D9C9005C14AE /* Images.xcassets */,
				1AF87B471F6F77D6007BE51C /* AppController.h */,
				1AF87B481F6F77D6007BE51C /* AppController.mm */,
				1AF87B581F6F77D6007BE51C /* Info.plist */,
				1AF87B591F6F77D6007BE51C /* LaunchScreen.storyboard */,
				1AF87B5A1F6F77D6007BE51C /* LaunchScreenBackground.png */,
				1AF87B5B1F6F77D6007BE51C /* main.m */,
				1AF87B5C1F6F77D6007BE51C /* Prefix.pch */,
				1AF87B5D1F6F77D6007BE51C /* RootViewController.h */,
				1AF87B5E1F6F77D6007BE51C /* RootViewController.mm */,
				941A10532573CDC20066ACCE /* storekit.storekit */,
			);
			path = ios;
			sourceTree = "<group>";
		};
		29B97314FDCFA39411CA2CEA /* CustomTemplate */ = {
			isa = PBXGroup;
			children = (
				94608D5F256D94CE000E093C /* res */,
				94608D10256D94C5000E093C /* src */,
				1AC6FAE5180E9839004C840B /* cocos2d_libs.xcodeproj */,
				29B97323FDCFA39411CA2CEA /* Frameworks */,
				1AF87B461F6F77D6007BE51C /* ios */,
				19C28FACFE9D520D11CA2CBB /* Products */,
				597C11B39FD16CF8E087BE9C /* Pods */,
			);
			name = CustomTemplate;
			sourceTree = "<group>";
		};
		29B97323FDCFA39411CA2CEA /* Frameworks */ = {
			isa = PBXGroup;
			children = (
				94ED06B3256FDD82003C5C75 /* StoreKit.framework */,
				94ED06B0256FDB52003C5C75 /* WebKit.framework */,
				94608DB9256DAB8C000E093C /* GameController.framework */,
				294D0D631D0D56D500F7F5D4 /* CoreText.framework */,
				ED545A7D1B68A1FA00C3958E /* libiconv.dylib */,
				ED545A7B1B68A1F400C3958E /* libiconv.dylib */,
				8262943D1AAF051F00CB7CF7 /* Security.framework */,
				52B47A461A53D09B004E4C60 /* Security.framework */,
				D6B0611A1803AB670077942B /* CoreMotion.framework */,
				503AE11A17EB9C5A00D1A890 /* IOKit.framework */,
				503AE11117EB99EE00D1A890 /* libcurl.dylib */,
				5087E78A17EB975400C73F5D /* OpenGL.framework */,
				5087E78817EB974C00C73F5D /* AppKit.framework */,
				1ACB3243164770DE00914215 /* libcurl.a */,
				BF170DB412928DE900B8313A /* libz.dylib */,
				D44C620F132DFF4E0009C878 /* AudioToolbox.framework */,
				D44C620D132DFF430009C878 /* AVFoundation.framework */,
				288765A40DF7441C002DB57D /* CoreGraphics.framework */,
				1D30AB110D05D00D00671497 /* Foundation.framework */,
				D44C620B132DFF330009C878 /* OpenAL.framework */,
				BF170DB012928DE900B8313A /* OpenGLES.framework */,
				BF1C47EA1293683800B63C5D /* QuartzCore.framework */,
				1DF5F4DF0D08C38300B7A737 /* UIKit.framework */,
				3A98BDA2AFB59E5CFB26F84A /* Pods_Sokoban_mobile.framework */,
			);
			name = Frameworks;
			sourceTree = "<group>";
		};
		597C11B39FD16CF8E087BE9C /* Pods */ = {
			isa = PBXGroup;
			children = (
				1CE85052AE2D186573815884 /* Pods-Sokoban-mobile.debug.xcconfig */,
				C902FC9478AEF2C9A77E59A2 /* Pods-Sokoban-mobile.release.xcconfig */,
			);
			path = Pods;
			sourceTree = "<group>";
		};
		94608D10256D94C5000E093C /* src */ = {
			isa = PBXGroup;
			children = (
				94608D9F256D96B2000E093C /* Platform_iOS.mm */,
				94608D11256D94C5000E093C /* scenes */,
				94608D24256D94C5000E093C /* AppDelegate.h */,
				94608D25256D94C5000E093C /* PlatformIncludes.h */,
				94608D27256D94C5000E093C /* AppDelegate.cpp */,
				94608D28256D94C5000E093C /* modules */,
				94608D38256D94C5000E093C /* data */,
				94608D3F256D94C5000E093C /* views */,
			);
			name = src;
			path = ../src;
			sourceTree = "<group>";
		};
		94608D11256D94C5000E093C /* scenes */ = {
			isa = PBXGroup;
			children = (
				94608D12256D94C5000E093C /* GameScene.h */,
				94608D13256D94C5000E093C /* MainMenu.cpp */,
				94608D14256D94C5000E093C /* MainMenu.h */,
				94608D15256D94C5000E093C /* OutOfMovesPopup.h */,
				94608D16256D94C5000E093C /* WatchVideoPopup.cpp */,
				94608D17256D94C5000E093C /* SplashScene.h */,
				94608D18256D94C5000E093C /* SplashScene.cpp */,
				94608D19256D94C5000E093C /* Settings.h */,
				94608D1A256D94C5000E093C /* GameFinishScene.cpp */,
				94608D1B256D94C5000E093C /* MessagePopup.h */,
				94608D1C256D94C5000E093C /* MessagePopup.cpp */,
				94608D1D256D94C5000E093C /* GameScene.cpp */,
				94608D1E256D94C5000E093C /* WatchVideoPopup.h */,
				94608D1F256D94C5000E093C /* LevelSelect.h */,
				94608D20256D94C5000E093C /* GameFinishScene.h */,
				94608D21256D94C5000E093C /* OutOfMovesPopup.cpp */,
				94608D22256D94C5000E093C /* Settings.cpp */,
				94608D23256D94C5000E093C /* LevelSelect.cpp */,
			);
			path = scenes;
			sourceTree = "<group>";
		};
		94608D28256D94C5000E093C /* modules */ = {
			isa = PBXGroup;
			children = (
				94608D29256D94C5000E093C /* SoundUtil.h */,
				94608D2A256D94C5000E093C /* UiUtil.h */,
				94608D2B256D94C5000E093C /* WidgetCBMacros.h */,
				94608D2C256D94C5000E093C /* EventListenerManager.cpp */,
				94608D2D256D94C5000E093C /* LevelLoader.cpp */,
				94608D2E256D94C5000E093C /* CommonLayout.h */,
				94608D2F256D94C5000E093C /* CommonLayout.cpp */,
				94608D30256D94C5000E093C /* UiUtil.cpp */,
				94608D31256D94C5000E093C /* LevelLoader.h */,
				94608D32256D94C5000E093C /* EventListenerManager.h */,
				94608D33256D94C5000E093C /* GameManager.cpp */,
				94608D34256D94C5000E093C /* SoundUtil.cpp */,
				94608D35256D94C5000E093C /* EventUtils.h */,
				94608D36256D94C5000E093C /* GameManager.h */,
				94608D37256D94C5000E093C /* EventUtils.cpp */,
			);
			path = modules;
			sourceTree = "<group>";
		};
		94608D38256D94C5000E093C /* data */ = {
			isa = PBXGroup;
			children = (
				94608D39256D94C5000E093C /* Keys.h */,
				94608D3A256D94C5000E093C /* Config.h */,
				94608D3B256D94C5000E093C /* Events.h */,
				94608D3C256D94C5000E093C /* Config.cpp */,
				94608D3D256D94C5000E093C /* Events.cpp */,
				94608D3E256D94C5000E093C /* Keys.cpp */,
			);
			path = data;
			sourceTree = "<group>";
		};
		94608D3F256D94C5000E093C /* views */ = {
			isa = PBXGroup;
			children = (
				94608D40256D94C5000E093C /* Tile.h */,
				94608D41256D94C5000E093C /* Entity.cpp */,
				94608D42256D94C5000E093C /* Grid.h */,
				94608D43256D94C5000E093C /* Grid.cpp */,
				94608D44256D94C5000E093C /* Entity.h */,
				94608D45256D94C5000E093C /* Tile.cpp */,
			);
			path = views;
			sourceTree = "<group>";
		};
		94608D5F256D94CE000E093C /* res */ = {
			isa = PBXGroup;
			children = (
				94608D60256D94CE000E093C /* images */,
				94608D75256D94CE000E093C /* levelData.json */,
				94608D76256D94CE000E093C /* audio */,
				94608D7C256D94CE000E093C /* fonts */,
			);
			name = res;
			path = ../res;
			sourceTree = "<group>";
		};
		94608D60256D94CE000E093C /* images */ = {
			isa = PBXGroup;
			children = (
				94608D61256D94CE000E093C /* Settings.plist */,
				94608D62256D94CE000E093C /* retry_button_big.png */,
				94608D63256D94CE000E093C /* Settings.png */,
				94608D64256D94CE000E093C /* retry_button.png */,
				94608D65256D94CE000E093C /* GameScene.png */,
				94608D66256D94CE000E093C /* GameFinishScene.plist */,
				94608D67256D94CE000E093C /* button_orange_big.png */,
				94608D68256D94CE000E093C /* GameScene.plist */,
				94608D69256D94CE000E093C /* hand.png */,
				94608D6A256D94CE000E093C /* button_page_arrow.png */,
				94608D6B256D94CE000E093C /* button_back.png */,
				94608D6C256D94CE000E093C /* splash.png */,
				94608D6D256D94CE000E093C /* button_level.png */,
				94608D6E256D94CE000E093C /* GameFinishScene.png */,
				94608D6F256D94CE000E093C /* button_blue_small.png */,
				94608D70256D94CE000E093C /* MainMenu.plist */,
				94608D71256D94CE000E093C /* MainMenu.png */,
				94608D72256D94CE000E093C /* button_orange.png */,
				94608D73256D94CE000E093C /* button_locked.png */,
				94608D74256D94CE000E093C /* button_orange_small.png */,
			);
			path = images;
			sourceTree = "<group>";
		};
		94608D76256D94CE000E093C /* audio */ = {
			isa = PBXGroup;
			children = (
				94608D77256D94CE000E093C /* footstep.mp3 */,
				94608D78256D94CE000E093C /* level_complete.mp3 */,
				94608D79256D94CE000E093C /* level_failed.mp3 */,
				94608D7A256D94CE000E093C /* scene_change.mp3 */,
				94608D7B256D94CE000E093C /* efx_touch.mp3 */,
			);
			path = audio;
			sourceTree = "<group>";
		};
		94608D7C256D94CE000E093C /* fonts */ = {
			isa = PBXGroup;
			children = (
				94608D7D256D94CE000E093C /* Riffic.ttf */,
			);
			path = fonts;
			sourceTree = "<group>";
		};
/* End PBXGroup section */

/* Begin PBXNativeTarget section */
		1D6058900D05DD3D006BFB54 /* Sokoban-mobile */ = {
			isa = PBXNativeTarget;
			buildConfigurationList = 1D6058960D05DD3E006BFB54 /* Build configuration list for PBXNativeTarget "Sokoban-mobile" */;
			buildPhases = (
				F8C2B094C76BC343401DC8FD /* [CP] Check Pods Manifest.lock */,
				1D60588D0D05DD3D006BFB54 /* Resources */,
				1D60588E0D05DD3D006BFB54 /* Sources */,
				1D60588F0D05DD3D006BFB54 /* Frameworks */,
				919C2089D37617A04EAFC173 /* [CP] Embed Pods Frameworks */,
				94608DC1256DAFF1000E093C /* ShellScript */,
			);
			buildRules = (
			);
			dependencies = (
				1AC6FB25180E99E1004C840B /* PBXTargetDependency */,
			);
			name = "Sokoban-mobile";
			productName = iphone;
			productReference = 1D6058910D05DD3D006BFB54 /* Sokoban-mobile.app */;
			productType = "com.apple.product-type.application";
		};
/* End PBXNativeTarget section */

/* Begin PBXProject section */
		29B97313FDCFA39411CA2CEA /* Project object */ = {
			isa = PBXProject;
			attributes = {
				LastUpgradeCheck = 0500;
				TargetAttributes = {
					1D6058900D05DD3D006BFB54 = {
						DevelopmentTeam = 45R9A5996A;
					};
				};
			};
			buildConfigurationList = C01FCF4E08A954540054247B /* Build configuration list for PBXProject "Sokoban" */;
			compatibilityVersion = "Xcode 3.2";
			developmentRegion = English;
			hasScannedForEncodings = 1;
			knownRegions = (
				English,
				Japanese,
				French,
				German,
			);
			mainGroup = 29B97314FDCFA39411CA2CEA /* CustomTemplate */;
			productRefGroup = 19C28FACFE9D520D11CA2CBB /* Products */;
			projectDirPath = "";
			projectReferences = (
				{
					ProductGroup = 1AC6FAE6180E9839004C840B /* Products */;
					ProjectRef = 1AC6FAE5180E9839004C840B /* cocos2d_libs.xcodeproj */;
				},
			);
			projectRoot = "";
			targets = (
				1D6058900D05DD3D006BFB54 /* Sokoban-mobile */,
			);
		};
/* End PBXProject section */

/* Begin PBXReferenceProxy section */
		1A7533E31F6F75F6007E8E6F /* libcocos2d tvOS.a */ = {
			isa = PBXReferenceProxy;
			fileType = archive.ar;
			path = "libcocos2d tvOS.a";
			remoteRef = 1A7533E21F6F75F6007E8E6F /* PBXContainerItemProxy */;
			sourceTree = BUILT_PRODUCTS_DIR;
		};
		1AC6FAF9180E9839004C840B /* libcocos2d Mac.a */ = {
			isa = PBXReferenceProxy;
			fileType = archive.ar;
			path = "libcocos2d Mac.a";
			remoteRef = 1AC6FAF8180E9839004C840B /* PBXContainerItemProxy */;
			sourceTree = BUILT_PRODUCTS_DIR;
		};
		1AC6FB07180E9839004C840B /* libcocos2d iOS.a */ = {
			isa = PBXReferenceProxy;
			fileType = archive.ar;
			path = "libcocos2d iOS.a";
			remoteRef = 1AC6FB06180E9839004C840B /* PBXContainerItemProxy */;
			sourceTree = BUILT_PRODUCTS_DIR;
		};
/* End PBXReferenceProxy section */

/* Begin PBXResourcesBuildPhase section */
		1D60588D0D05DD3D006BFB54 /* Resources */ = {
			isa = PBXResourcesBuildPhase;
			buildActionMask = 2147483647;
			files = (
				94608D92256D94CE000E093C /* levelData.json in Resources */,
				94608D8D256D94CE000E093C /* MainMenu.plist in Resources */,
				94608D88256D94CE000E093C /* button_back.png in Resources */,
				94608D98256D94CE000E093C /* Riffic.ttf in Resources */,
				94608D82256D94CE000E093C /* GameScene.png in Resources */,
				94608D95256D94CE000E093C /* level_failed.mp3 in Resources */,
				94608D94256D94CE000E093C /* level_complete.mp3 in Resources */,
				94608D91256D94CE000E093C /* button_orange_small.png in Resources */,
				1A88B2641FC3D9C9005C14AE /* Images.xcassets in Resources */,
				941A10542573CDC20066ACCE /* storekit.storekit in Resources */,
				94608D86256D94CE000E093C /* hand.png in Resources */,
				94608D89256D94CE000E093C /* splash.png in Resources */,
				94608D8B256D94CE000E093C /* GameFinishScene.png in Resources */,
				94608D7E256D94CE000E093C /* Settings.plist in Resources */,
				94608D8A256D94CE000E093C /* button_level.png in Resources */,
				94608D96256D94CE000E093C /* scene_change.mp3 in Resources */,
				94608DBF256DAF53000E093C /* GoogleService-Info.plist in Resources */,
				94608D80256D94CE000E093C /* Settings.png in Resources */,
				94608D83256D94CE000E093C /* GameFinishScene.plist in Resources */,
				94608D97256D94CE000E093C /* efx_touch.mp3 in Resources */,
				94608D87256D94CE000E093C /* button_page_arrow.png in Resources */,
				94608D85256D94CE000E093C /* GameScene.plist in Resources */,
				94608D90256D94CE000E093C /* button_locked.png in Resources */,
				94608D93256D94CE000E093C /* footstep.mp3 in Resources */,
				94608D81256D94CE000E093C /* retry_button.png in Resources */,
				1AF87B891F6F781D007BE51C /* LaunchScreenBackground.png in Resources */,
				94608D8F256D94CE000E093C /* button_orange.png in Resources */,
				1AF87B881F6F781D007BE51C /* LaunchScreen.storyboard in Resources */,
				94608D8C256D94CE000E093C /* button_blue_small.png in Resources */,
				94608D8E256D94CE000E093C /* MainMenu.png in Resources */,
				94608D84256D94CE000E093C /* button_orange_big.png in Resources */,
				94608D7F256D94CE000E093C /* retry_button_big.png in Resources */,
			);
			runOnlyForDeploymentPostprocessing = 0;
		};
/* End PBXResourcesBuildPhase section */

/* Begin PBXShellScriptBuildPhase section */
		919C2089D37617A04EAFC173 /* [CP] Embed Pods Frameworks */ = {
			isa = PBXShellScriptBuildPhase;
			buildActionMask = 2147483647;
			files = (
			);
			inputPaths = (
				"${PODS_ROOT}/Target Support Files/Pods-Sokoban-mobile/Pods-Sokoban-mobile-frameworks.sh",
				"${BUILT_PRODUCTS_DIR}/GoogleUtilities/GoogleUtilities.framework",
				"${BUILT_PRODUCTS_DIR}/PromisesObjC/FBLPromises.framework",
				"${BUILT_PRODUCTS_DIR}/nanopb/nanopb.framework",
			);
			name = "[CP] Embed Pods Frameworks";
			outputPaths = (
				"${TARGET_BUILD_DIR}/${FRAMEWORKS_FOLDER_PATH}/GoogleUtilities.framework",
				"${TARGET_BUILD_DIR}/${FRAMEWORKS_FOLDER_PATH}/FBLPromises.framework",
				"${TARGET_BUILD_DIR}/${FRAMEWORKS_FOLDER_PATH}/nanopb.framework",
			);
			runOnlyForDeploymentPostprocessing = 0;
			shellPath = /bin/sh;
			shellScript = "\"${PODS_ROOT}/Target Support Files/Pods-Sokoban-mobile/Pods-Sokoban-mobile-frameworks.sh\"\n";
			showEnvVarsInLog = 0;
		};
		94608DC1256DAFF1000E093C /* ShellScript */ = {
			isa = PBXShellScriptBuildPhase;
			buildActionMask = 2147483647;
			files = (
			);
			inputFileListPaths = (
			);
			inputPaths = (
				"${DWARF_DSYM_FOLDER_PATH}/${DWARF_DSYM_FILE_NAME}/Contents/Resources/DWARF/${TARGET_NAME}",
				"$(SRCROOT)/$(BUILT_PRODUCTS_DIR)/$(INFOPLIST_PATH)",
			);
			outputFileListPaths = (
			);
			outputPaths = (
			);
			runOnlyForDeploymentPostprocessing = 0;
			shellPath = /bin/sh;
			shellScript = "# Type a script or drag a script file from your workspace to insert its path.\n\"${PODS_ROOT}/FirebaseCrashlytics/run\"\n";
		};
		F8C2B094C76BC343401DC8FD /* [CP] Check Pods Manifest.lock */ = {
			isa = PBXShellScriptBuildPhase;
			buildActionMask = 2147483647;
			files = (
			);
			inputFileListPaths = (
			);
			inputPaths = (
				"${PODS_PODFILE_DIR_PATH}/Podfile.lock",
				"${PODS_ROOT}/Manifest.lock",
			);
			name = "[CP] Check Pods Manifest.lock";
			outputFileListPaths = (
			);
			outputPaths = (
				"$(DERIVED_FILE_DIR)/Pods-Sokoban-mobile-checkManifestLockResult.txt",
			);
			runOnlyForDeploymentPostprocessing = 0;
			shellPath = /bin/sh;
			shellScript = "diff \"${PODS_PODFILE_DIR_PATH}/Podfile.lock\" \"${PODS_ROOT}/Manifest.lock\" > /dev/null\nif [ $? != 0 ] ; then\n    # print error to STDERR\n    echo \"error: The sandbox is not in sync with the Podfile.lock. Run 'pod install' or update your CocoaPods installation.\" >&2\n    exit 1\nfi\n# This output is used by Xcode 'outputs' to avoid re-running this script phase.\necho \"SUCCESS\" > \"${SCRIPT_OUTPUT_FILE_0}\"\n";
			showEnvVarsInLog = 0;
		};
/* End PBXShellScriptBuildPhase section */

/* Begin PBXSourcesBuildPhase section */
		1D60588E0D05DD3D006BFB54 /* Sources */ = {
			isa = PBXSourcesBuildPhase;
			buildActionMask = 2147483647;
			files = (
				94608D5D256D94C5000E093C /* Tile.cpp in Sources */,
				1AF87B781F6F77F7007BE51C /* AppController.mm in Sources */,
				94608D4C256D94C5000E093C /* OutOfMovesPopup.cpp in Sources */,
				94608D54256D94C5000E093C /* UiUtil.cpp in Sources */,
				94608D59256D94C5000E093C /* Events.cpp in Sources */,
				94608D48256D94C5000E093C /* SplashScene.cpp in Sources */,
				94608D50256D94C5000E093C /* AppDelegate.cpp in Sources */,
				94608D53256D94C5000E093C /* CommonLayout.cpp in Sources */,
				94608D4A256D94C5000E093C /* MessagePopup.cpp in Sources */,
				94608DA0256D96B2000E093C /* Platform_iOS.mm in Sources */,
				94608D47256D94C5000E093C /* WatchVideoPopup.cpp in Sources */,
				94608D49256D94C5000E093C /* GameFinishScene.cpp in Sources */,
				94608D4D256D94C5000E093C /* Settings.cpp in Sources */,
				1AF87B8B1F6F782A007BE51C /* RootViewController.mm in Sources */,
				94608D4E256D94C5000E093C /* LevelSelect.cpp in Sources */,
				1AF87B8A1F6F7822007BE51C /* main.m in Sources */,
				94608D4B256D94C5000E093C /* GameScene.cpp in Sources */,
				94608D57256D94C5000E093C /* EventUtils.cpp in Sources */,
				94608D46256D94C5000E093C /* MainMenu.cpp in Sources */,
				94608D5B256D94C5000E093C /* Entity.cpp in Sources */,
				94608D51256D94C5000E093C /* EventListenerManager.cpp in Sources */,
				941A10512573C2FC0066ACCE /* IAPPlugin.mm in Sources */,
				94608D56256D94C5000E093C /* SoundUtil.cpp in Sources */,
				94608D5C256D94C5000E093C /* Grid.cpp in Sources */,
				94608D58256D94C5000E093C /* Config.cpp in Sources */,
				94608D5A256D94C5000E093C /* Keys.cpp in Sources */,
				94608D52256D94C5000E093C /* LevelLoader.cpp in Sources */,
				94608D55256D94C5000E093C /* GameManager.cpp in Sources */,
			);
			runOnlyForDeploymentPostprocessing = 0;
		};
/* End PBXSourcesBuildPhase section */

/* Begin PBXTargetDependency section */
		1AC6FB25180E99E1004C840B /* PBXTargetDependency */ = {
			isa = PBXTargetDependency;
			name = "cocos2dx iOS";
			targetProxy = 1AC6FB24180E99E1004C840B /* PBXContainerItemProxy */;
		};
/* End PBXTargetDependency section */

/* Begin XCBuildConfiguration section */
		1D6058940D05DD3E006BFB54 /* Debug */ = {
			isa = XCBuildConfiguration;
			baseConfigurationReference = 1CE85052AE2D186573815884 /* Pods-Sokoban-mobile.debug.xcconfig */;
			buildSettings = {
				ALWAYS_SEARCH_USER_PATHS = YES;
				ASSETCATALOG_COMPILER_APPICON_NAME = AppIcon;
				CODE_SIGN_IDENTITY = "iPhone Developer";
				COMPRESS_PNG_FILES = NO;
				CURRENT_PROJECT_VERSION = 1.01;
				DEVELOPMENT_TEAM = 45R9A5996A;
				ENABLE_BITCODE = NO;
				GCC_DYNAMIC_NO_PIC = NO;
				GCC_INLINES_ARE_PRIVATE_EXTERN = NO;
				GCC_PRECOMPILE_PREFIX_HEADER = YES;
				GCC_PREFIX_HEADER = ios/Prefix.pch;
				GCC_PREPROCESSOR_DEFINITIONS = (
					"$(inherited)",
					USE_FILE32API,
					"COCOS2D_DEBUG=1",
					"CC_ENABLE_CHIPMUNK_INTEGRATION=1",
				);
				GCC_SYMBOLS_PRIVATE_EXTERN = NO;
				HEADER_SEARCH_PATHS = "$(inherited)";
				INFOPLIST_FILE = ios/Info.plist;
				IPHONEOS_DEPLOYMENT_TARGET = 10.0;
				LIBRARY_SEARCH_PATHS = "";
				MARKETING_VERSION = 1.01;
				OTHER_LDFLAGS = (
					"$(inherited)",
					"$(_COCOS_LIB_IOS_BEGIN)",
					"$(_COCOS_LIB_IOS_END)",
				);
				SDKROOT = iphoneos;
				STRIP_PNG_TEXT = NO;
				TARGETED_DEVICE_FAMILY = "1,2";
				USER_HEADER_SEARCH_PATHS = "$(_COCOS_HEADER_IOS_BEGIN) $(_COCOS_HEADER_IOS_END)";
				VALID_ARCHS = "$(inherited) arm64 armv7";
			};
			name = Debug;
		};
		1D6058950D05DD3E006BFB54 /* Release */ = {
			isa = XCBuildConfiguration;
			baseConfigurationReference = C902FC9478AEF2C9A77E59A2 /* Pods-Sokoban-mobile.release.xcconfig */;
			buildSettings = {
				ALWAYS_SEARCH_USER_PATHS = YES;
				ASSETCATALOG_COMPILER_APPICON_NAME = AppIcon;
				CODE_SIGN_IDENTITY = "iPhone Developer";
				COMPRESS_PNG_FILES = NO;
				CURRENT_PROJECT_VERSION = 1.01;
				DEVELOPMENT_TEAM = 45R9A5996A;
				ENABLE_BITCODE = NO;
				GCC_INLINES_ARE_PRIVATE_EXTERN = NO;
				GCC_PRECOMPILE_PREFIX_HEADER = YES;
				GCC_PREFIX_HEADER = ios/Prefix.pch;
				GCC_PREPROCESSOR_DEFINITIONS = (
					"$(inherited)",
					USE_FILE32API,
					"CC_ENABLE_CHIPMUNK_INTEGRATION=1",
					NDEBUG,
				);
				GCC_SYMBOLS_PRIVATE_EXTERN = NO;
				HEADER_SEARCH_PATHS = "$(inherited)";
				INFOPLIST_FILE = ios/Info.plist;
				IPHONEOS_DEPLOYMENT_TARGET = 10.0;
				LIBRARY_SEARCH_PATHS = "";
				MARKETING_VERSION = 1.01;
				OTHER_LDFLAGS = (
					"$(inherited)",
					"$(_COCOS_LIB_IOS_BEGIN)",
					"$(_COCOS_LIB_IOS_END)",
				);
				SDKROOT = iphoneos;
				STRIP_PNG_TEXT = NO;
				TARGETED_DEVICE_FAMILY = "1,2";
				USER_HEADER_SEARCH_PATHS = "$(_COCOS_HEADER_IOS_BEGIN) $(_COCOS_HEADER_IOS_END)";
				VALID_ARCHS = "$(inherited) arm64 armv7";
			};
			name = Release;
		};
		C01FCF4F08A954540054247B /* Debug */ = {
			isa = XCBuildConfiguration;
			buildSettings = {
				CLANG_CXX_LANGUAGE_STANDARD = "c++0x";
				CLANG_CXX_LIBRARY = "libc++";
				COPY_PHASE_STRIP = NO;
				GCC_OPTIMIZATION_LEVEL = 0;
				GCC_WARN_ABOUT_RETURN_TYPE = YES;
				GCC_WARN_UNUSED_VARIABLE = YES;
				HEADER_SEARCH_PATHS = (
					"$(SRCROOT)/../cocos2d",
					"$(SRCROOT)/../cocos2d/cocos/audio/include",
					"$(SRCROOT)/../cocos2d/cocos",
					"$(SRCROOT)/../cocos2d/extensions",
					"$(SRCROOT)/../cocos2d/external",
					"$(SRCROOT)/../cocos2d/external/chipmunk/include/chipmunk",
					"$(SRCROOT)/../cocos2d/cocos/editor-support",
				);
				IPHONEOS_DEPLOYMENT_TARGET = 6.0;
				MACOSX_DEPLOYMENT_TARGET = 10.7;
				ONLY_ACTIVE_ARCH = YES;
				PRODUCT_NAME = "$(TARGET_NAME)";
				SDKROOT = macosx;
			};
			name = Debug;
		};
		C01FCF5008A954540054247B /* Release */ = {
			isa = XCBuildConfiguration;
			buildSettings = {
				CLANG_CXX_LANGUAGE_STANDARD = "c++0x";
				CLANG_CXX_LIBRARY = "libc++";
				GCC_WARN_ABOUT_RETURN_TYPE = YES;
				GCC_WARN_UNUSED_VARIABLE = YES;
				HEADER_SEARCH_PATHS = (
					"$(SRCROOT)/../cocos2d",
					"$(SRCROOT)/../cocos2d/cocos/audio/include",
					"$(SRCROOT)/../cocos2d/cocos",
					"$(SRCROOT)/../cocos2d/extensions",
					"$(SRCROOT)/../cocos2d/external",
					"$(SRCROOT)/../cocos2d/external/chipmunk/include/chipmunk",
					"$(SRCROOT)/../cocos2d/cocos/editor-support",
				);
				IPHONEOS_DEPLOYMENT_TARGET = 6.0;
				MACOSX_DEPLOYMENT_TARGET = 10.7;
				OTHER_CFLAGS = "-DNS_BLOCK_ASSERTIONS=1";
				PRODUCT_NAME = "$(TARGET_NAME)";
				SDKROOT = macosx;
				VALIDATE_PRODUCT = YES;
			};
			name = Release;
		};
/* End XCBuildConfiguration section */

/* Begin XCConfigurationList section */
		1D6058960D05DD3E006BFB54 /* Build configuration list for PBXNativeTarget "Sokoban-mobile" */ = {
			isa = XCConfigurationList;
			buildConfigurations = (
				1D6058940D05DD3E006BFB54 /* Debug */,
				1D6058950D05DD3E006BFB54 /* Release */,
			);
			defaultConfigurationIsVisible = 0;
			defaultConfigurationName = Debug;
		};
		C01FCF4E08A954540054247B /* Build configuration list for PBXProject "Sokoban" */ = {
			isa = XCConfigurationList;
			buildConfigurations = (
				C01FCF4F08A954540054247B /* Debug */,
				C01FCF5008A954540054247B /* Release */,
			);
			defaultConfigurationIsVisible = 0;
			defaultConfigurationName = Debug;
		};
/* End XCConfigurationList section */
	};
	rootObject = 29B97313FDCFA39411CA2CEA /* Project object */;
}
